PODS:
  - Alamofire (4.9.1)
  - SwiftyGif (5.2.0)

DEPENDENCIES:
  - Alamofire (~> 4.9.1)
  - SwiftyGif (~> 5.2.0)

SPEC REPOS:
  trunk:
    - Alamofire
    - SwiftyGif

SPEC CHECKSUMS:
  Alamofire: 85e8a02c69d6020a0d734f6054870d7ecb75cf18
  SwiftyGif: b85c6b33a9411859d9e1db998b6a8214aea942df

PODFILE CHECKSUM: 3366399e4151b69b326c4d284e3eefdf834d0a01

COCOAPODS: 1.8.4
